{
  "lockfileVersion": 1,
  "dependencies": {
    "fullpage.js": {
      "version": "https://registry.npmjs.org/fullpage.js/-/fullpage.js-2.9.4.tgz",
      "integrity": "sha1-sH3pwUbJXAQtKKMek0uPrzNPoOk="
    },
    "jquery": {
      "version": "https://registry.npmjs.org/jquery/-/jquery-3.2.1.tgz",
      "integrity": "sha1-XE2d5lKvbNCncBVKYxu6ErAVx4c="
    },
    "jquery-modal": {
      "version": "file:node_modules/jquery-modal",
      "integrity": "sha1-2I9GrrSpy/vONV0LikNCvbnopPU="
    }
  }
}
